
Microsoft Visual Studio Solution File, Format Version 12.00
# Visual Studio Version 16
VisualStudioVersion = 16.0.28721.148
MinimumVisualStudioVersion = 10.0.40219.1
Project("{FAE04EC0-301F-11D3-BF4B-00C04F79EFBC}") = "Al Zainab Herbals", "Al Zainab Herbals\Al Zainab Herbals.csproj", "{C791F009-E4D9-4845-9BA6-9CED05C5D784}"
EndProject
Global
	GlobalSection(SolutionConfigurationPlatforms) = preSolution
		Debug|Any CPU = Debug|Any CPU
		Release|Any CPU = Release|Any CPU
	EndGlobalSection
	GlobalSection(ProjectConfigurationPlatforms) = postSolution
		{C791F009-E4D9-4845-9BA6-9CED05C5D784}.Debug|Any CPU.ActiveCfg = Debug|Any CPU
		{C791F009-E4D9-4845-9BA6-9CED05C5D784}.Debug|Any CPU.Build.0 = Debug|Any CPU
		{C791F009-E4D9-4845-9BA6-9CED05C5D784}.Release|Any CPU.ActiveCfg = Release|Any CPU
		{C791F009-E4D9-4845-9BA6-9CED05C5D784}.Release|Any CPU.Build.0 = Release|Any CPU
	EndGlobalSection
	GlobalSection(SolutionProperties) = preSolution
		HideSolutionNode = FALSE
	EndGlobalSection
	GlobalSection(ExtensibilityGlobals) = postSolution
		SolutionGuid = {2515B22C-914D-4145-894B-74B5976B1FBC}
	EndGlobalSection
EndGlobal
